
Microsoft Visual Studio Solution File, Format Version 12.00
# Visual Studio Version 16
VisualStudioVersion = 16.0.31729.503
MinimumVisualStudioVersion = 10.0.40219.1
Project("{FAE04EC0-301F-11D3-BF4B-00C04F79EFBC}") = "Simulei_Anca_Lab5", "Simulei_Anca_Lab5.csproj", "{6850D9EA-F4EB-4B82-925C-E6439FD68412}"
EndProject
Project("{FAE04EC0-301F-11D3-BF4B-00C04F79EFBC}") = "AutoLotModel", "..\AutoLotModel\AutoLotModel.csproj", "{7D84FC44-06FC-4A04-9A6A-1320BD8DCE11}"
EndProject
Global
	GlobalSection(SolutionConfigurationPlatforms) = preSolution
		Debug|Any CPU = Debug|Any CPU
		Release|Any CPU = Release|Any CPU
	EndGlobalSection
	GlobalSection(ProjectConfigurationPlatforms) = postSolution
		{6850D9EA-F4EB-4B82-925C-E6439FD68412}.Debug|Any CPU.ActiveCfg = Debug|Any CPU
		{6850D9EA-F4EB-4B82-925C-E6439FD68412}.Debug|Any CPU.Build.0 = Debug|Any CPU
		{6850D9EA-F4EB-4B82-925C-E6439FD68412}.Release|Any CPU.ActiveCfg = Release|Any CPU
		{6850D9EA-F4EB-4B82-925C-E6439FD68412}.Release|Any CPU.Build.0 = Release|Any CPU
		{7D84FC44-06FC-4A04-9A6A-1320BD8DCE11}.Debug|Any CPU.ActiveCfg = Debug|Any CPU
		{7D84FC44-06FC-4A04-9A6A-1320BD8DCE11}.Debug|Any CPU.Build.0 = Debug|Any CPU
		{7D84FC44-06FC-4A04-9A6A-1320BD8DCE11}.Release|Any CPU.ActiveCfg = Release|Any CPU
		{7D84FC44-06FC-4A04-9A6A-1320BD8DCE11}.Release|Any CPU.Build.0 = Release|Any CPU
	EndGlobalSection
	GlobalSection(SolutionProperties) = preSolution
		HideSolutionNode = FALSE
	EndGlobalSection
	GlobalSection(ExtensibilityGlobals) = postSolution
		SolutionGuid = {69BA9E28-11DD-4F5D-80DB-BA0E53268F7A}
	EndGlobalSection
EndGlobal
